
Microsoft Visual Studio Solution File, Format Version 12.00
# Visual Studio Version 16
VisualStudioVersion = 16.0.30523.141
MinimumVisualStudioVersion = 10.0.40219.1
Project("{FAE04EC0-301F-11D3-BF4B-00C04F79EFBC}") = "MiniVille", "MiniVille.csproj", "{832F5FF9-5BAC-45AA-8FBA-7F13C9591E43}"
EndProject
Global
	GlobalSection(SolutionConfigurationPlatforms) = preSolution
		Debug|Any CPU = Debug|Any CPU
		Release|Any CPU = Release|Any CPU
	EndGlobalSection
	GlobalSection(ProjectConfigurationPlatforms) = postSolution
		{832F5FF9-5BAC-45AA-8FBA-7F13C9591E43}.Debug|Any CPU.ActiveCfg = Debug|Any CPU
		{832F5FF9-5BAC-45AA-8FBA-7F13C9591E43}.Debug|Any CPU.Build.0 = Debug|Any CPU
		{832F5FF9-5BAC-45AA-8FBA-7F13C9591E43}.Release|Any CPU.ActiveCfg = Release|Any CPU
		{832F5FF9-5BAC-45AA-8FBA-7F13C9591E43}.Release|Any CPU.Build.0 = Release|Any CPU
	EndGlobalSection
	GlobalSection(SolutionProperties) = preSolution
		HideSolutionNode = FALSE
	EndGlobalSection
	GlobalSection(ExtensibilityGlobals) = postSolution
		SolutionGuid = {10E17FE4-4D3A-43E1-B571-116F0AAC2F7A}
	EndGlobalSection
EndGlobal
